
Microsoft Visual Studio Solution File, Format Version 12.00
# Visual Studio Version 16
VisualStudioVersion = 16.0.29306.81
MinimumVisualStudioVersion = 10.0.40219.1
Project("{FAE04EC0-301F-11D3-BF4B-00C04F79EFBC}") = "AnimalProtect", "AnimalProtect.csproj", "{AB088914-8C00-441E-ACB5-6E4A1ED5D860}"
EndProject
Global
	GlobalSection(SolutionConfigurationPlatforms) = preSolution
		Debug|Any CPU = Debug|Any CPU
		Release|Any CPU = Release|Any CPU
	EndGlobalSection
	GlobalSection(ProjectConfigurationPlatforms) = postSolution
		{AB088914-8C00-441E-ACB5-6E4A1ED5D860}.Debug|Any CPU.ActiveCfg = Debug|Any CPU
		{AB088914-8C00-441E-ACB5-6E4A1ED5D860}.Debug|Any CPU.Build.0 = Debug|Any CPU
		{AB088914-8C00-441E-ACB5-6E4A1ED5D860}.Release|Any CPU.ActiveCfg = Release|Any CPU
		{AB088914-8C00-441E-ACB5-6E4A1ED5D860}.Release|Any CPU.Build.0 = Release|Any CPU
	EndGlobalSection
	GlobalSection(SolutionProperties) = preSolution
		HideSolutionNode = FALSE
	EndGlobalSection
	GlobalSection(ExtensibilityGlobals) = postSolution
		SolutionGuid = {F2E6E833-73D9-42F8-98BA-F811824493B6}
	EndGlobalSection
EndGlobal
